
Microsoft Visual Studio Solution File, Format Version 12.00
# Visual Studio 15
VisualStudioVersion = 15.0.28010.2046
MinimumVisualStudioVersion = 10.0.40219.1
Project("{FAE04EC0-301F-11D3-BF4B-00C04F79EFBC}") = "GtdApp.Console", "GTDApp\GtdApp.Console.csproj", "{F8A85677-CC20-4543-85AD-7A0213A89CAC}"
EndProject
Project("{2150E333-8FDC-42A3-9474-1A3956D46DE8}") = "Solution Items", "Solution Items", "{F0A7E69B-BF8D-45F0-81D1-D1F96A62EAD8}"
	ProjectSection(SolutionItems) = preProject
		oenik.ruleset = oenik.ruleset
		stylecop.json = stylecop.json
	EndProjectSection
EndProject
Project("{FAE04EC0-301F-11D3-BF4B-00C04F79EFBC}") = "GtdApp.Logic", "GTDApp.Login\GtdApp.Logic.csproj", "{02EEA9AD-813F-4AF8-93B4-C61CA417E8DF}"
EndProject
Project("{FAE04EC0-301F-11D3-BF4B-00C04F79EFBC}") = "GtdApp.Logic.Tests", "GTDApp.Logic.Tests\GtdApp.Logic.Tests.csproj", "{CB4C5559-E206-4858-960F-292AF1BE1881}"
EndProject
Project("{FAE04EC0-301F-11D3-BF4B-00C04F79EFBC}") = "GtdApp.Repository", "GTDApp.Repository\GtdApp.Repository.csproj", "{7482D9E8-9013-4804-B967-1EBDDA255450}"
EndProject
Project("{FAE04EC0-301F-11D3-BF4B-00C04F79EFBC}") = "GtdApp.Repository.Tests", "GTDApp.Repository.Tests\GtdApp.Repository.Tests.csproj", "{BCBC2E85-08CC-4D5F-87A3-A13A2EF1C081}"
EndProject
Project("{FAE04EC0-301F-11D3-BF4B-00C04F79EFBC}") = "GtdApp.Data", "GTDApp.Data\GtdApp.Data.csproj", "{EDCB7DCA-E17F-4829-8884-8C5D11A2E364}"
EndProject
Project("{2150E333-8FDC-42A3-9474-1A3956D46DE8}") = "Data", "Data", "{45492680-F26E-404A-AC00-55278E565E48}"
EndProject
Project("{2150E333-8FDC-42A3-9474-1A3956D46DE8}") = "UI", "UI", "{94467F3C-18B7-4CF7-A76C-3CE20461E52F}"
EndProject
Project("{2150E333-8FDC-42A3-9474-1A3956D46DE8}") = "Core", "Core", "{04BD7841-B16C-48F4-AA06-D0ABA96910C7}"
EndProject
Project("{FAE04EC0-301F-11D3-BF4B-00C04F79EFBC}") = "GTDApp.ConsoleCore", "GTDApp.ConsoleCore\GTDApp.ConsoleCore.csproj", "{E21BF1E5-69D0-4A53-AF75-1DF64704C172}"
EndProject
Global
	GlobalSection(SolutionConfigurationPlatforms) = preSolution
		Debug|Any CPU = Debug|Any CPU
		Release|Any CPU = Release|Any CPU
	EndGlobalSection
	GlobalSection(ProjectConfigurationPlatforms) = postSolution
		{F8A85677-CC20-4543-85AD-7A0213A89CAC}.Debug|Any CPU.ActiveCfg = Debug|Any CPU
		{F8A85677-CC20-4543-85AD-7A0213A89CAC}.Debug|Any CPU.Build.0 = Debug|Any CPU
		{F8A85677-CC20-4543-85AD-7A0213A89CAC}.Release|Any CPU.ActiveCfg = Release|Any CPU
		{F8A85677-CC20-4543-85AD-7A0213A89CAC}.Release|Any CPU.Build.0 = Release|Any CPU
		{02EEA9AD-813F-4AF8-93B4-C61CA417E8DF}.Debug|Any CPU.ActiveCfg = Debug|Any CPU
		{02EEA9AD-813F-4AF8-93B4-C61CA417E8DF}.Debug|Any CPU.Build.0 = Debug|Any CPU
		{02EEA9AD-813F-4AF8-93B4-C61CA417E8DF}.Release|Any CPU.ActiveCfg = Release|Any CPU
		{02EEA9AD-813F-4AF8-93B4-C61CA417E8DF}.Release|Any CPU.Build.0 = Release|Any CPU
		{CB4C5559-E206-4858-960F-292AF1BE1881}.Debug|Any CPU.ActiveCfg = Debug|Any CPU
		{CB4C5559-E206-4858-960F-292AF1BE1881}.Debug|Any CPU.Build.0 = Debug|Any CPU
		{CB4C5559-E206-4858-960F-292AF1BE1881}.Release|Any CPU.ActiveCfg = Release|Any CPU
		{CB4C5559-E206-4858-960F-292AF1BE1881}.Release|Any CPU.Build.0 = Release|Any CPU
		{7482D9E8-9013-4804-B967-1EBDDA255450}.Debug|Any CPU.ActiveCfg = Debug|Any CPU
		{7482D9E8-9013-4804-B967-1EBDDA255450}.Debug|Any CPU.Build.0 = Debug|Any CPU
		{7482D9E8-9013-4804-B967-1EBDDA255450}.Release|Any CPU.ActiveCfg = Release|Any CPU
		{7482D9E8-9013-4804-B967-1EBDDA255450}.Release|Any CPU.Build.0 = Release|Any CPU
		{BCBC2E85-08CC-4D5F-87A3-A13A2EF1C081}.Debug|Any CPU.ActiveCfg = Debug|Any CPU
		{BCBC2E85-08CC-4D5F-87A3-A13A2EF1C081}.Debug|Any CPU.Build.0 = Debug|Any CPU
		{BCBC2E85-08CC-4D5F-87A3-A13A2EF1C081}.Release|Any CPU.ActiveCfg = Release|Any CPU
		{BCBC2E85-08CC-4D5F-87A3-A13A2EF1C081}.Release|Any CPU.Build.0 = Release|Any CPU
		{EDCB7DCA-E17F-4829-8884-8C5D11A2E364}.Debug|Any CPU.ActiveCfg = Debug|Any CPU
		{EDCB7DCA-E17F-4829-8884-8C5D11A2E364}.Debug|Any CPU.Build.0 = Debug|Any CPU
		{EDCB7DCA-E17F-4829-8884-8C5D11A2E364}.Release|Any CPU.ActiveCfg = Release|Any CPU
		{EDCB7DCA-E17F-4829-8884-8C5D11A2E364}.Release|Any CPU.Build.0 = Release|Any CPU
		{E21BF1E5-69D0-4A53-AF75-1DF64704C172}.Debug|Any CPU.ActiveCfg = Debug|Any CPU
		{E21BF1E5-69D0-4A53-AF75-1DF64704C172}.Debug|Any CPU.Build.0 = Debug|Any CPU
		{E21BF1E5-69D0-4A53-AF75-1DF64704C172}.Release|Any CPU.ActiveCfg = Release|Any CPU
		{E21BF1E5-69D0-4A53-AF75-1DF64704C172}.Release|Any CPU.Build.0 = Release|Any CPU
	EndGlobalSection
	GlobalSection(SolutionProperties) = preSolution
		HideSolutionNode = FALSE
	EndGlobalSection
	GlobalSection(NestedProjects) = preSolution
		{F8A85677-CC20-4543-85AD-7A0213A89CAC} = {94467F3C-18B7-4CF7-A76C-3CE20461E52F}
		{02EEA9AD-813F-4AF8-93B4-C61CA417E8DF} = {04BD7841-B16C-48F4-AA06-D0ABA96910C7}
		{CB4C5559-E206-4858-960F-292AF1BE1881} = {04BD7841-B16C-48F4-AA06-D0ABA96910C7}
		{7482D9E8-9013-4804-B967-1EBDDA255450} = {45492680-F26E-404A-AC00-55278E565E48}
		{BCBC2E85-08CC-4D5F-87A3-A13A2EF1C081} = {45492680-F26E-404A-AC00-55278E565E48}
		{EDCB7DCA-E17F-4829-8884-8C5D11A2E364} = {45492680-F26E-404A-AC00-55278E565E48}
		{E21BF1E5-69D0-4A53-AF75-1DF64704C172} = {94467F3C-18B7-4CF7-A76C-3CE20461E52F}
	EndGlobalSection
	GlobalSection(ExtensibilityGlobals) = postSolution
		SolutionGuid = {2C8AC2B0-2CEF-4ECD-A509-F66885A1EECA}
	EndGlobalSection
EndGlobal
