
Microsoft Visual Studio Solution File, Format Version 12.00
# Visual Studio 15
VisualStudioVersion = 15.0.28010.2046
MinimumVisualStudioVersion = 10.0.40219.1
Project("{FAE04EC0-301F-11D3-BF4B-00C04F79EFBC}") = "GTDApp", "GTDApp\GTDApp.csproj", "{F8A85677-CC20-4543-85AD-7A0213A89CAC}"
EndProject
Project("{2150E333-8FDC-42A3-9474-1A3956D46DE8}") = "Solution Items", "Solution Items", "{F0A7E69B-BF8D-45F0-81D1-D1F96A62EAD8}"
	ProjectSection(SolutionItems) = preProject
		oenik.ruleset = oenik.ruleset
		stylecop.json = stylecop.json
	EndProjectSection
EndProject
Global
	GlobalSection(SolutionConfigurationPlatforms) = preSolution
		Debug|Any CPU = Debug|Any CPU
		Release|Any CPU = Release|Any CPU
	EndGlobalSection
	GlobalSection(ProjectConfigurationPlatforms) = postSolution
		{F8A85677-CC20-4543-85AD-7A0213A89CAC}.Debug|Any CPU.ActiveCfg = Debug|Any CPU
		{F8A85677-CC20-4543-85AD-7A0213A89CAC}.Debug|Any CPU.Build.0 = Debug|Any CPU
		{F8A85677-CC20-4543-85AD-7A0213A89CAC}.Release|Any CPU.ActiveCfg = Release|Any CPU
		{F8A85677-CC20-4543-85AD-7A0213A89CAC}.Release|Any CPU.Build.0 = Release|Any CPU
	EndGlobalSection
	GlobalSection(SolutionProperties) = preSolution
		HideSolutionNode = FALSE
	EndGlobalSection
	GlobalSection(ExtensibilityGlobals) = postSolution
		SolutionGuid = {2C8AC2B0-2CEF-4ECD-A509-F66885A1EECA}
	EndGlobalSection
EndGlobal
